
Microsoft Visual Studio Solution File, Format Version 12.00
# Visual Studio Version 17
VisualStudioVersion = 17.5.002.0
MinimumVisualStudioVersion = 10.0.40219.1
Project("{9A19103F-16F7-4668-BE54-9A1E7A4F7556}") = "CopilotChatWebApi", "webapi\CopilotChatWebApi.csproj", "{417BEC4A-3B98-42E4-8D13-82C69847D65A}"
EndProject
Global
	GlobalSection(SolutionConfigurationPlatforms) = preSolution
		Debug|Any CPU = Debug|Any CPU
		Release|Any CPU = Release|Any CPU
	EndGlobalSection
	GlobalSection(ProjectConfigurationPlatforms) = postSolution
		{417BEC4A-3B98-42E4-8D13-82C69847D65A}.Debug|Any CPU.ActiveCfg = Debug|Any CPU
		{417BEC4A-3B98-42E4-8D13-82C69847D65A}.Debug|Any CPU.Build.0 = Debug|Any CPU
		{417BEC4A-3B98-42E4-8D13-82C69847D65A}.Release|Any CPU.ActiveCfg = Release|Any CPU
		{417BEC4A-3B98-42E4-8D13-82C69847D65A}.Release|Any CPU.Build.0 = Release|Any CPU
	EndGlobalSection
	GlobalSection(SolutionProperties) = preSolution
		HideSolutionNode = FALSE
	EndGlobalSection
	GlobalSection(ExtensibilityGlobals) = postSolution
		SolutionGuid = {BB949892-6423-469C-8300-D279AE0E2456}
	EndGlobalSection
EndGlobal
